
Microsoft Visual Studio Solution File, Format Version 12.00
# Visual Studio Version 17
VisualStudioVersion = 17.13.35825.156 d17.13
MinimumVisualStudioVersion = 10.0.40219.1
Project("{FAE04EC0-301F-11D3-BF4B-00C04F79EFBC}") = "Universal_library_management_system", "Universal_library_management_system.csproj", "{A7D107E3-7618-4B23-B5FD-A93F2F74B570}"
EndProject
Global
	GlobalSection(SolutionConfigurationPlatforms) = preSolution
		Debug|Any CPU = Debug|Any CPU
		Release|Any CPU = Release|Any CPU
	EndGlobalSection
	GlobalSection(ProjectConfigurationPlatforms) = postSolution
		{A7D107E3-7618-4B23-B5FD-A93F2F74B570}.Debug|Any CPU.ActiveCfg = Debug|Any CPU
		{A7D107E3-7618-4B23-B5FD-A93F2F74B570}.Debug|Any CPU.Build.0 = Debug|Any CPU
		{A7D107E3-7618-4B23-B5FD-A93F2F74B570}.Release|Any CPU.ActiveCfg = Release|Any CPU
		{A7D107E3-7618-4B23-B5FD-A93F2F74B570}.Release|Any CPU.Build.0 = Release|Any CPU
	EndGlobalSection
	GlobalSection(SolutionProperties) = preSolution
		HideSolutionNode = FALSE
	EndGlobalSection
	GlobalSection(ExtensibilityGlobals) = postSolution
		SolutionGuid = {80BBC8A9-8776-4C05-9C1D-9A2773C5A7F8}
	EndGlobalSection
EndGlobal
